
Microsoft Visual Studio Solution File, Format Version 12.00
# Visual Studio Version 17
VisualStudioVersion = 17.1.32414.318
MinimumVisualStudioVersion = 10.0.40219.1
Project("{FAE04EC0-301F-11D3-BF4B-00C04F79EFBC}") = "ChooseByBubble", "ChooseByBubble\ChooseByBubble.csproj", "{B3C56DFE-2D53-4DE7-8E1F-58812DC00186}"
EndProject
Project("{FAE04EC0-301F-11D3-BF4B-00C04F79EFBC}") = "ChooseByLists", "ChooseByLists\ChooseByLists.csproj", "{3794D732-B202-43DE-9A6D-48B125AFD10F}"
EndProject
Project("{FAE04EC0-301F-11D3-BF4B-00C04F79EFBC}") = "ChooseByInput", "ChooseByInput\ChooseByInput.csproj", "{2E3BE458-0E3C-4B19-8119-68B1B03E52A8}"
EndProject
Global
	GlobalSection(SolutionConfigurationPlatforms) = preSolution
		Debug|Any CPU = Debug|Any CPU
		Release|Any CPU = Release|Any CPU
	EndGlobalSection
	GlobalSection(ProjectConfigurationPlatforms) = postSolution
		{B3C56DFE-2D53-4DE7-8E1F-58812DC00186}.Debug|Any CPU.ActiveCfg = Debug|Any CPU
		{B3C56DFE-2D53-4DE7-8E1F-58812DC00186}.Debug|Any CPU.Build.0 = Debug|Any CPU
		{B3C56DFE-2D53-4DE7-8E1F-58812DC00186}.Release|Any CPU.ActiveCfg = Release|Any CPU
		{B3C56DFE-2D53-4DE7-8E1F-58812DC00186}.Release|Any CPU.Build.0 = Release|Any CPU
		{3794D732-B202-43DE-9A6D-48B125AFD10F}.Debug|Any CPU.ActiveCfg = Debug|Any CPU
		{3794D732-B202-43DE-9A6D-48B125AFD10F}.Debug|Any CPU.Build.0 = Debug|Any CPU
		{3794D732-B202-43DE-9A6D-48B125AFD10F}.Release|Any CPU.ActiveCfg = Release|Any CPU
		{3794D732-B202-43DE-9A6D-48B125AFD10F}.Release|Any CPU.Build.0 = Release|Any CPU
		{2E3BE458-0E3C-4B19-8119-68B1B03E52A8}.Debug|Any CPU.ActiveCfg = Debug|Any CPU
		{2E3BE458-0E3C-4B19-8119-68B1B03E52A8}.Debug|Any CPU.Build.0 = Debug|Any CPU
		{2E3BE458-0E3C-4B19-8119-68B1B03E52A8}.Release|Any CPU.ActiveCfg = Release|Any CPU
		{2E3BE458-0E3C-4B19-8119-68B1B03E52A8}.Release|Any CPU.Build.0 = Release|Any CPU
	EndGlobalSection
	GlobalSection(SolutionProperties) = preSolution
		HideSolutionNode = FALSE
	EndGlobalSection
	GlobalSection(ExtensibilityGlobals) = postSolution
		SolutionGuid = {B5671209-EE27-4B2D-8D23-2DDF51AE46E4}
	EndGlobalSection
EndGlobal
